
Microsoft Visual Studio Solution File, Format Version 12.00
# Visual Studio Version 17
VisualStudioVersion = 17.8.34511.84
MinimumVisualStudioVersion = 10.0.40219.1
Project("{FAE04EC0-301F-11D3-BF4B-00C04F79EFBC}") = "ATV5_CJ3022544", "ATV5_CJ3022544\ATV5_CJ3022544.csproj", "{DD1E3B4D-4C71-462E-B0E7-13BA73E67F6B}"
EndProject
Global
	GlobalSection(SolutionConfigurationPlatforms) = preSolution
		Debug|Any CPU = Debug|Any CPU
		Release|Any CPU = Release|Any CPU
	EndGlobalSection
	GlobalSection(ProjectConfigurationPlatforms) = postSolution
		{DD1E3B4D-4C71-462E-B0E7-13BA73E67F6B}.Debug|Any CPU.ActiveCfg = Debug|Any CPU
		{DD1E3B4D-4C71-462E-B0E7-13BA73E67F6B}.Debug|Any CPU.Build.0 = Debug|Any CPU
		{DD1E3B4D-4C71-462E-B0E7-13BA73E67F6B}.Release|Any CPU.ActiveCfg = Release|Any CPU
		{DD1E3B4D-4C71-462E-B0E7-13BA73E67F6B}.Release|Any CPU.Build.0 = Release|Any CPU
	EndGlobalSection
	GlobalSection(SolutionProperties) = preSolution
		HideSolutionNode = FALSE
	EndGlobalSection
	GlobalSection(ExtensibilityGlobals) = postSolution
		SolutionGuid = {95A625A7-C4F0-496B-A549-B59CA1BE773C}
	EndGlobalSection
EndGlobal
